github.com/donvito/hellomod v1.0.1 h1:tOU3KDwvrGW7QUHXYQnk6YUD+92aTsRmJItJTD9f4I4=
github.com/donvito/hellomod v1.0.1/go.mod h1:DuOSvrBCwGkjX0WS5ohdpC/q67fS0Mde3LEM+2jeHSw=
github.com/hozlucas28/Go-Module-Practice-2023 v0.0.0-20230221021237-f3b98fca4fa8 h1:oK57VB1DFIJCX/rs3EWpTRMlQhVez8m8ZPQDhva/ROw=
github.com/hozlucas28/Go-Module-Practice-2023 v0.0.0-20230221021237-f3b98fca4fa8/go.mod h1:kd1ipKPtkkCz9bST9yY7prPss7RAj8mG/Mco7Sn1qBw=
github.com/hozlucas28/Go-Module-Practice-2023 v0.0.0-20230221022653-73c1b0e171b8 h1:uS/Y3I+1clwEwQ9Wa6iu+KJo1MCGKEyzcHY9mmUZ2KY=
github.com/hozlucas28/Go-Module-Practice-2023 v0.0.0-20230221022653-73c1b0e171b8/go.mod h1:kd1ipKPtkkCz9bST9yY7prPss7RAj8mG/Mco7Sn1qBw=
